
Microsoft Visual Studio Solution File, Format Version 12.00
# Visual Studio Version 17
VisualStudioVersion = 17.5.33424.131
MinimumVisualStudioVersion = 10.0.40219.1
Project("{FAE04EC0-301F-11D3-BF4B-00C04F79EFBC}") = "SetBuilder_BE", "SetBuilder_BE.csproj", "{158B7C2E-A275-4BA9-876E-FD25DCA84991}"
EndProject
Global
	GlobalSection(SolutionConfigurationPlatforms) = preSolution
		Debug|Any CPU = Debug|Any CPU
		Release|Any CPU = Release|Any CPU
	EndGlobalSection
	GlobalSection(ProjectConfigurationPlatforms) = postSolution
		{158B7C2E-A275-4BA9-876E-FD25DCA84991}.Debug|Any CPU.ActiveCfg = Debug|Any CPU
		{158B7C2E-A275-4BA9-876E-FD25DCA84991}.Debug|Any CPU.Build.0 = Debug|Any CPU
		{158B7C2E-A275-4BA9-876E-FD25DCA84991}.Release|Any CPU.ActiveCfg = Release|Any CPU
		{158B7C2E-A275-4BA9-876E-FD25DCA84991}.Release|Any CPU.Build.0 = Release|Any CPU
	EndGlobalSection
	GlobalSection(SolutionProperties) = preSolution
		HideSolutionNode = FALSE
	EndGlobalSection
	GlobalSection(ExtensibilityGlobals) = postSolution
		SolutionGuid = {4665F22D-A8A1-40DE-900A-9BBA867EA1DF}
	EndGlobalSection
EndGlobal
