
Microsoft Visual Studio Solution File, Format Version 12.00
# Visual Studio Version 17
VisualStudioVersion = 17.5.33424.131
MinimumVisualStudioVersion = 10.0.40219.1
Project("{FAE04EC0-301F-11D3-BF4B-00C04F79EFBC}") = "SetBuilderBE", "SetBuilderBE.csproj", "{3E4ED425-DA76-44B2-B6A3-5493CC9AF09A}"
EndProject
Global
	GlobalSection(SolutionConfigurationPlatforms) = preSolution
		Debug|Any CPU = Debug|Any CPU
		Release|Any CPU = Release|Any CPU
	EndGlobalSection
	GlobalSection(ProjectConfigurationPlatforms) = postSolution
		{3E4ED425-DA76-44B2-B6A3-5493CC9AF09A}.Debug|Any CPU.ActiveCfg = Debug|Any CPU
		{3E4ED425-DA76-44B2-B6A3-5493CC9AF09A}.Debug|Any CPU.Build.0 = Debug|Any CPU
		{3E4ED425-DA76-44B2-B6A3-5493CC9AF09A}.Release|Any CPU.ActiveCfg = Release|Any CPU
		{3E4ED425-DA76-44B2-B6A3-5493CC9AF09A}.Release|Any CPU.Build.0 = Release|Any CPU
	EndGlobalSection
	GlobalSection(SolutionProperties) = preSolution
		HideSolutionNode = FALSE
	EndGlobalSection
	GlobalSection(ExtensibilityGlobals) = postSolution
		SolutionGuid = {A308B96D-CA73-4BE7-A616-FC1DB8E8E5A4}
	EndGlobalSection
EndGlobal
